github.com/goburrow/serial v0.1.0 h1:v2T1SQa/dlUqQiYIT8+Cu7YolfqAi3K96UmhwYyuSrA=
github.com/goburrow/serial v0.1.0/go.mod h1:sAiqG0nRVswsm1C97xsttiYCzSLBmUZ/VSlVLZJ8haA=
github.com/simonvetter/modbus v1.4.0 h1:FND6FTDjxOyYrUGReR+Labdm5KevbytDUZPu2S0pzIg=
github.com/simonvetter/modbus v1.4.0/go.mod h1:Dj4SBrfEUBg+qCRH6C7bCsZYEvQWTfAVy1Xx+WN3IA4=
