sdk: ^2.0.0-alpha.196
prefixes:
  host: github.com/toitlang/pkg-host-1
  modbus: pkg-modbus
packages:
  github.com/toitlang/pkg-host-1:
    hash: d7a30b86c73cf8d9cd5dd0211031c76b68706738
    url: github.com/toitlang/pkg-host
    version: 1.19.0
  github.com/toitware/toit-rs485-1:
    hash: 90fdd6098568f38084a55f31f822b9afa5764f9d
    url: github.com/toitware/toit-rs485
    version: 1.4.0
  pkg-modbus:
    path: ..
    prefixes:
      rs485: github.com/toitware/toit-rs485-1
