sdk: ^2.0.0-alpha.64
prefixes:
  host: pkg-host
  modbus: ..
packages:
  ..:
    path: ..
    prefixes:
      rs485: toit-rs485
  pkg-host:
    url: github.com/toitlang/pkg-host
    name: host
    version: 1.11.0
    hash: 7e7df6ac70d98a02f232185add81a06cec0d77e8
  toit-rs485:
    url: github.com/toitware/toit-rs485
    name: rs485
    version: 1.2.0
    hash: 8e38736d19dab1d9275568df269f982e6118acec
