sdk: ^2.0.0-alpha.196
prefixes:
  modbus: pkg-modbus
  rs485: github.com/toitware/toit-rs485-1
packages:
  github.com/toitware/toit-rs485-1:
    hash: 90fdd6098568f38084a55f31f822b9afa5764f9d
    url: github.com/toitware/toit-rs485
    version: 1.4.0
  pkg-modbus:
    path: ..
    prefixes:
      rs485: github.com/toitware/toit-rs485-1
